
Microsoft Visual Studio Solution File, Format Version 12.00
# Visual Studio 15
VisualStudioVersion = 15.0.28307.960
MinimumVisualStudioVersion = 10.0.40219.1
Project("{8BC9CEB8-8B4A-11D0-8D11-00A0C91BC942}") = "0001_朴素模式匹配算法_子串定位", "001_朴素模式匹配算法_子串定位\001_朴素模式匹配算法_子串定位.vcxproj", "{1775A451-83FC-4BF9-A846-5EB03CA4E01F}"
EndProject
Project("{8BC9CEB8-8B4A-11D0-8D11-00A0C91BC942}") = "0002_KMP算法", "002_KMP算法\002_KMP算法.vcxproj", "{52755D0A-FC78-456A-9FA3-20A88FD3A292}"
EndProject
Project("{8BC9CEB8-8B4A-11D0-8D11-00A0C91BC942}") = "0003_求二进制整数的含1的个数", "003_求二进制整数的含1的个数\003_求二进制整数的含1的个数.vcxproj", "{04EE17D3-2144-46A7-A948-631D9F71B2C5}"
EndProject
Project("{8BC9CEB8-8B4A-11D0-8D11-00A0C91BC942}") = "1000_快排", "100_快排\100_快排.vcxproj", "{F798577A-A962-4FDE-AE7E-E20C2233056F}"
EndProject
Project("{8BC9CEB8-8B4A-11D0-8D11-00A0C91BC942}") = "2000_数组中的重复数字", "2000_数组中的重复数字\2000_数组中的重复数字.vcxproj", "{9C17AA35-EAB9-4E47-B017-5644501DFBA9}"
EndProject
Project("{8BC9CEB8-8B4A-11D0-8D11-00A0C91BC942}") = "2001_类成员的使用问题", "2001\2001.vcxproj", "{F5A56829-3027-4134-A7A2-8EE87EC052C0}"
EndProject
Project("{8BC9CEB8-8B4A-11D0-8D11-00A0C91BC942}") = "0004_test", "0004_test\0004_test.vcxproj", "{9B7194D1-D6C3-4EF3-8CB9-3A2C13829A01}"
EndProject
Project("{8BC9CEB8-8B4A-11D0-8D11-00A0C91BC942}") = "0005_map", "map\map.vcxproj", "{B2A111E7-50BE-4591-9B89-296BCC5C104C}"
EndProject
Project("{8BC9CEB8-8B4A-11D0-8D11-00A0C91BC942}") = "0006_作用域", "0006_作用域\0006_作用域.vcxproj", "{0490BEDF-2CC8-4F8A-AC80-79739828825C}"
EndProject
Project("{8BC9CEB8-8B4A-11D0-8D11-00A0C91BC942}") = "0007_卷积", "0007_卷积\0007_卷积.vcxproj", "{A794399F-41D3-43B3-911A-BA72327B78EF}"
EndProject
Project("{8BC9CEB8-8B4A-11D0-8D11-00A0C91BC942}") = "0008_一个字母", "0008_一个字母\0008_一个字母.vcxproj", "{735994F5-9933-4B16-BB7C-D294842059AB}"
EndProject
Project("{8BC9CEB8-8B4A-11D0-8D11-00A0C91BC942}") = "3000_找最小未使用ID", "3000\3000.vcxproj", "{80D33F82-A37B-4E99-9D30-85BA947BFAF7}"
EndProject
Project("{8BC9CEB8-8B4A-11D0-8D11-00A0C91BC942}") = "3001_判断旋转之后是否为回文串", "3001\3001.vcxproj", "{41D2C4D6-CA95-4138-87B4-18DB349AE0B2}"
EndProject
Project("{8BC9CEB8-8B4A-11D0-8D11-00A0C91BC942}") = "3002_找反转后最长01子串", "3002\3002.vcxproj", "{316B1BB6-C51F-4AF3-ADE2-87D4C57A656E}"
EndProject
Project("{8BC9CEB8-8B4A-11D0-8D11-00A0C91BC942}") = "2002_", "2002_\2002_.vcxproj", "{E4A1BDCC-2913-4593-91D0-7DE5DD71AEBF}"
EndProject
Global
	GlobalSection(SolutionConfigurationPlatforms) = preSolution
		Debug|x64 = Debug|x64
		Debug|x86 = Debug|x86
		Release|x64 = Release|x64
		Release|x86 = Release|x86
	EndGlobalSection
	GlobalSection(ProjectConfigurationPlatforms) = postSolution
		{1775A451-83FC-4BF9-A846-5EB03CA4E01F}.Debug|x64.ActiveCfg = Debug|x64
		{1775A451-83FC-4BF9-A846-5EB03CA4E01F}.Debug|x64.Build.0 = Debug|x64
		{1775A451-83FC-4BF9-A846-5EB03CA4E01F}.Debug|x86.ActiveCfg = Debug|Win32
		{1775A451-83FC-4BF9-A846-5EB03CA4E01F}.Debug|x86.Build.0 = Debug|Win32
		{1775A451-83FC-4BF9-A846-5EB03CA4E01F}.Release|x64.ActiveCfg = Release|x64
		{1775A451-83FC-4BF9-A846-5EB03CA4E01F}.Release|x64.Build.0 = Release|x64
		{1775A451-83FC-4BF9-A846-5EB03CA4E01F}.Release|x86.ActiveCfg = Release|Win32
		{1775A451-83FC-4BF9-A846-5EB03CA4E01F}.Release|x86.Build.0 = Release|Win32
		{52755D0A-FC78-456A-9FA3-20A88FD3A292}.Debug|x64.ActiveCfg = Debug|x64
		{52755D0A-FC78-456A-9FA3-20A88FD3A292}.Debug|x64.Build.0 = Debug|x64
		{52755D0A-FC78-456A-9FA3-20A88FD3A292}.Debug|x86.ActiveCfg = Debug|Win32
		{52755D0A-FC78-456A-9FA3-20A88FD3A292}.Debug|x86.Build.0 = Debug|Win32
		{52755D0A-FC78-456A-9FA3-20A88FD3A292}.Release|x64.ActiveCfg = Release|x64
		{52755D0A-FC78-456A-9FA3-20A88FD3A292}.Release|x64.Build.0 = Release|x64
		{52755D0A-FC78-456A-9FA3-20A88FD3A292}.Release|x86.ActiveCfg = Release|Win32
		{52755D0A-FC78-456A-9FA3-20A88FD3A292}.Release|x86.Build.0 = Release|Win32
		{04EE17D3-2144-46A7-A948-631D9F71B2C5}.Debug|x64.ActiveCfg = Debug|x64
		{04EE17D3-2144-46A7-A948-631D9F71B2C5}.Debug|x64.Build.0 = Debug|x64
		{04EE17D3-2144-46A7-A948-631D9F71B2C5}.Debug|x86.ActiveCfg = Debug|Win32
		{04EE17D3-2144-46A7-A948-631D9F71B2C5}.Debug|x86.Build.0 = Debug|Win32
		{04EE17D3-2144-46A7-A948-631D9F71B2C5}.Release|x64.ActiveCfg = Release|x64
		{04EE17D3-2144-46A7-A948-631D9F71B2C5}.Release|x64.Build.0 = Release|x64
		{04EE17D3-2144-46A7-A948-631D9F71B2C5}.Release|x86.ActiveCfg = Release|Win32
		{04EE17D3-2144-46A7-A948-631D9F71B2C5}.Release|x86.Build.0 = Release|Win32
		{F798577A-A962-4FDE-AE7E-E20C2233056F}.Debug|x64.ActiveCfg = Debug|x64
		{F798577A-A962-4FDE-AE7E-E20C2233056F}.Debug|x64.Build.0 = Debug|x64
		{F798577A-A962-4FDE-AE7E-E20C2233056F}.Debug|x86.ActiveCfg = Debug|Win32
		{F798577A-A962-4FDE-AE7E-E20C2233056F}.Debug|x86.Build.0 = Debug|Win32
		{F798577A-A962-4FDE-AE7E-E20C2233056F}.Release|x64.ActiveCfg = Release|x64
		{F798577A-A962-4FDE-AE7E-E20C2233056F}.Release|x64.Build.0 = Release|x64
		{F798577A-A962-4FDE-AE7E-E20C2233056F}.Release|x86.ActiveCfg = Release|Win32
		{F798577A-A962-4FDE-AE7E-E20C2233056F}.Release|x86.Build.0 = Release|Win32
		{9C17AA35-EAB9-4E47-B017-5644501DFBA9}.Debug|x64.ActiveCfg = Debug|x64
		{9C17AA35-EAB9-4E47-B017-5644501DFBA9}.Debug|x64.Build.0 = Debug|x64
		{9C17AA35-EAB9-4E47-B017-5644501DFBA9}.Debug|x86.ActiveCfg = Debug|Win32
		{9C17AA35-EAB9-4E47-B017-5644501DFBA9}.Debug|x86.Build.0 = Debug|Win32
		{9C17AA35-EAB9-4E47-B017-5644501DFBA9}.Release|x64.ActiveCfg = Release|x64
		{9C17AA35-EAB9-4E47-B017-5644501DFBA9}.Release|x64.Build.0 = Release|x64
		{9C17AA35-EAB9-4E47-B017-5644501DFBA9}.Release|x86.ActiveCfg = Release|Win32
		{9C17AA35-EAB9-4E47-B017-5644501DFBA9}.Release|x86.Build.0 = Release|Win32
		{F5A56829-3027-4134-A7A2-8EE87EC052C0}.Debug|x64.ActiveCfg = Debug|x64
		{F5A56829-3027-4134-A7A2-8EE87EC052C0}.Debug|x64.Build.0 = Debug|x64
		{F5A56829-3027-4134-A7A2-8EE87EC052C0}.Debug|x86.ActiveCfg = Debug|Win32
		{F5A56829-3027-4134-A7A2-8EE87EC052C0}.Debug|x86.Build.0 = Debug|Win32
		{F5A56829-3027-4134-A7A2-8EE87EC052C0}.Release|x64.ActiveCfg = Release|x64
		{F5A56829-3027-4134-A7A2-8EE87EC052C0}.Release|x64.Build.0 = Release|x64
		{F5A56829-3027-4134-A7A2-8EE87EC052C0}.Release|x86.ActiveCfg = Release|Win32
		{F5A56829-3027-4134-A7A2-8EE87EC052C0}.Release|x86.Build.0 = Release|Win32
		{9B7194D1-D6C3-4EF3-8CB9-3A2C13829A01}.Debug|x64.ActiveCfg = Debug|x64
		{9B7194D1-D6C3-4EF3-8CB9-3A2C13829A01}.Debug|x64.Build.0 = Debug|x64
		{9B7194D1-D6C3-4EF3-8CB9-3A2C13829A01}.Debug|x86.ActiveCfg = Debug|Win32
		{9B7194D1-D6C3-4EF3-8CB9-3A2C13829A01}.Debug|x86.Build.0 = Debug|Win32
		{9B7194D1-D6C3-4EF3-8CB9-3A2C13829A01}.Release|x64.ActiveCfg = Release|x64
		{9B7194D1-D6C3-4EF3-8CB9-3A2C13829A01}.Release|x64.Build.0 = Release|x64
		{9B7194D1-D6C3-4EF3-8CB9-3A2C13829A01}.Release|x86.ActiveCfg = Release|Win32
		{9B7194D1-D6C3-4EF3-8CB9-3A2C13829A01}.Release|x86.Build.0 = Release|Win32
		{B2A111E7-50BE-4591-9B89-296BCC5C104C}.Debug|x64.ActiveCfg = Debug|x64
		{B2A111E7-50BE-4591-9B89-296BCC5C104C}.Debug|x64.Build.0 = Debug|x64
		{B2A111E7-50BE-4591-9B89-296BCC5C104C}.Debug|x86.ActiveCfg = Debug|Win32
		{B2A111E7-50BE-4591-9B89-296BCC5C104C}.Debug|x86.Build.0 = Debug|Win32
		{B2A111E7-50BE-4591-9B89-296BCC5C104C}.Release|x64.ActiveCfg = Release|x64
		{B2A111E7-50BE-4591-9B89-296BCC5C104C}.Release|x64.Build.0 = Release|x64
		{B2A111E7-50BE-4591-9B89-296BCC5C104C}.Release|x86.ActiveCfg = Release|Win32
		{B2A111E7-50BE-4591-9B89-296BCC5C104C}.Release|x86.Build.0 = Release|Win32
		{0490BEDF-2CC8-4F8A-AC80-79739828825C}.Debug|x64.ActiveCfg = Debug|x64
		{0490BEDF-2CC8-4F8A-AC80-79739828825C}.Debug|x64.Build.0 = Debug|x64
		{0490BEDF-2CC8-4F8A-AC80-79739828825C}.Debug|x86.ActiveCfg = Debug|Win32
		{0490BEDF-2CC8-4F8A-AC80-79739828825C}.Debug|x86.Build.0 = Debug|Win32
		{0490BEDF-2CC8-4F8A-AC80-79739828825C}.Release|x64.ActiveCfg = Release|x64
		{0490BEDF-2CC8-4F8A-AC80-79739828825C}.Release|x64.Build.0 = Release|x64
		{0490BEDF-2CC8-4F8A-AC80-79739828825C}.Release|x86.ActiveCfg = Release|Win32
		{0490BEDF-2CC8-4F8A-AC80-79739828825C}.Release|x86.Build.0 = Release|Win32
		{A794399F-41D3-43B3-911A-BA72327B78EF}.Debug|x64.ActiveCfg = Debug|x64
		{A794399F-41D3-43B3-911A-BA72327B78EF}.Debug|x64.Build.0 = Debug|x64
		{A794399F-41D3-43B3-911A-BA72327B78EF}.Debug|x86.ActiveCfg = Debug|Win32
		{A794399F-41D3-43B3-911A-BA72327B78EF}.Debug|x86.Build.0 = Debug|Win32
		{A794399F-41D3-43B3-911A-BA72327B78EF}.Release|x64.ActiveCfg = Release|x64
		{A794399F-41D3-43B3-911A-BA72327B78EF}.Release|x64.Build.0 = Release|x64
		{A794399F-41D3-43B3-911A-BA72327B78EF}.Release|x86.ActiveCfg = Release|Win32
		{A794399F-41D3-43B3-911A-BA72327B78EF}.Release|x86.Build.0 = Release|Win32
		{735994F5-9933-4B16-BB7C-D294842059AB}.Debug|x64.ActiveCfg = Debug|x64
		{735994F5-9933-4B16-BB7C-D294842059AB}.Debug|x64.Build.0 = Debug|x64
		{735994F5-9933-4B16-BB7C-D294842059AB}.Debug|x86.ActiveCfg = Debug|Win32
		{735994F5-9933-4B16-BB7C-D294842059AB}.Debug|x86.Build.0 = Debug|Win32
		{735994F5-9933-4B16-BB7C-D294842059AB}.Release|x64.ActiveCfg = Release|x64
		{735994F5-9933-4B16-BB7C-D294842059AB}.Release|x64.Build.0 = Release|x64
		{735994F5-9933-4B16-BB7C-D294842059AB}.Release|x86.ActiveCfg = Release|Win32
		{735994F5-9933-4B16-BB7C-D294842059AB}.Release|x86.Build.0 = Release|Win32
		{80D33F82-A37B-4E99-9D30-85BA947BFAF7}.Debug|x64.ActiveCfg = Debug|x64
		{80D33F82-A37B-4E99-9D30-85BA947BFAF7}.Debug|x64.Build.0 = Debug|x64
		{80D33F82-A37B-4E99-9D30-85BA947BFAF7}.Debug|x86.ActiveCfg = Debug|Win32
		{80D33F82-A37B-4E99-9D30-85BA947BFAF7}.Debug|x86.Build.0 = Debug|Win32
		{80D33F82-A37B-4E99-9D30-85BA947BFAF7}.Release|x64.ActiveCfg = Release|x64
		{80D33F82-A37B-4E99-9D30-85BA947BFAF7}.Release|x64.Build.0 = Release|x64
		{80D33F82-A37B-4E99-9D30-85BA947BFAF7}.Release|x86.ActiveCfg = Release|Win32
		{80D33F82-A37B-4E99-9D30-85BA947BFAF7}.Release|x86.Build.0 = Release|Win32
		{41D2C4D6-CA95-4138-87B4-18DB349AE0B2}.Debug|x64.ActiveCfg = Debug|x64
		{41D2C4D6-CA95-4138-87B4-18DB349AE0B2}.Debug|x64.Build.0 = Debug|x64
		{41D2C4D6-CA95-4138-87B4-18DB349AE0B2}.Debug|x86.ActiveCfg = Debug|Win32
		{41D2C4D6-CA95-4138-87B4-18DB349AE0B2}.Debug|x86.Build.0 = Debug|Win32
		{41D2C4D6-CA95-4138-87B4-18DB349AE0B2}.Release|x64.ActiveCfg = Release|x64
		{41D2C4D6-CA95-4138-87B4-18DB349AE0B2}.Release|x64.Build.0 = Release|x64
		{41D2C4D6-CA95-4138-87B4-18DB349AE0B2}.Release|x86.ActiveCfg = Release|Win32
		{41D2C4D6-CA95-4138-87B4-18DB349AE0B2}.Release|x86.Build.0 = Release|Win32
		{316B1BB6-C51F-4AF3-ADE2-87D4C57A656E}.Debug|x64.ActiveCfg = Debug|x64
		{316B1BB6-C51F-4AF3-ADE2-87D4C57A656E}.Debug|x64.Build.0 = Debug|x64
		{316B1BB6-C51F-4AF3-ADE2-87D4C57A656E}.Debug|x86.ActiveCfg = Debug|Win32
		{316B1BB6-C51F-4AF3-ADE2-87D4C57A656E}.Debug|x86.Build.0 = Debug|Win32
		{316B1BB6-C51F-4AF3-ADE2-87D4C57A656E}.Release|x64.ActiveCfg = Release|x64
		{316B1BB6-C51F-4AF3-ADE2-87D4C57A656E}.Release|x64.Build.0 = Release|x64
		{316B1BB6-C51F-4AF3-ADE2-87D4C57A656E}.Release|x86.ActiveCfg = Release|Win32
		{316B1BB6-C51F-4AF3-ADE2-87D4C57A656E}.Release|x86.Build.0 = Release|Win32
		{E4A1BDCC-2913-4593-91D0-7DE5DD71AEBF}.Debug|x64.ActiveCfg = Debug|x64
		{E4A1BDCC-2913-4593-91D0-7DE5DD71AEBF}.Debug|x64.Build.0 = Debug|x64
		{E4A1BDCC-2913-4593-91D0-7DE5DD71AEBF}.Debug|x86.ActiveCfg = Debug|Win32
		{E4A1BDCC-2913-4593-91D0-7DE5DD71AEBF}.Debug|x86.Build.0 = Debug|Win32
		{E4A1BDCC-2913-4593-91D0-7DE5DD71AEBF}.Release|x64.ActiveCfg = Release|x64
		{E4A1BDCC-2913-4593-91D0-7DE5DD71AEBF}.Release|x64.Build.0 = Release|x64
		{E4A1BDCC-2913-4593-91D0-7DE5DD71AEBF}.Release|x86.ActiveCfg = Release|Win32
		{E4A1BDCC-2913-4593-91D0-7DE5DD71AEBF}.Release|x86.Build.0 = Release|Win32
	EndGlobalSection
	GlobalSection(SolutionProperties) = preSolution
		HideSolutionNode = FALSE
	EndGlobalSection
	GlobalSection(ExtensibilityGlobals) = postSolution
		SolutionGuid = {FE81AC9E-386E-490B-B7A5-E255E83ECE5F}
	EndGlobalSection
EndGlobal
